
Microsoft Visual Studio Solution File, Format Version 12.00
# Visual Studio Version 16
VisualStudioVersion = 16.0.31729.503
MinimumVisualStudioVersion = 10.0.40219.1
Project("{FAE04EC0-301F-11D3-BF4B-00C04F79EFBC}") = "SnakeAndLadder1", "SnakeAndLadder1\SnakeAndLadder1.csproj", "{B2C8E5D5-9D7B-47D4-8060-5B85FA0012F8}"
EndProject
Global
	GlobalSection(SolutionConfigurationPlatforms) = preSolution
		Debug|Any CPU = Debug|Any CPU
		Release|Any CPU = Release|Any CPU
	EndGlobalSection
	GlobalSection(ProjectConfigurationPlatforms) = postSolution
		{B2C8E5D5-9D7B-47D4-8060-5B85FA0012F8}.Debug|Any CPU.ActiveCfg = Debug|Any CPU
		{B2C8E5D5-9D7B-47D4-8060-5B85FA0012F8}.Debug|Any CPU.Build.0 = Debug|Any CPU
		{B2C8E5D5-9D7B-47D4-8060-5B85FA0012F8}.Release|Any CPU.ActiveCfg = Release|Any CPU
		{B2C8E5D5-9D7B-47D4-8060-5B85FA0012F8}.Release|Any CPU.Build.0 = Release|Any CPU
	EndGlobalSection
	GlobalSection(SolutionProperties) = preSolution
		HideSolutionNode = FALSE
	EndGlobalSection
	GlobalSection(ExtensibilityGlobals) = postSolution
		SolutionGuid = {5DD10299-E1FC-44C6-834F-947FFDF04936}
	EndGlobalSection
EndGlobal
